
Microsoft Visual Studio Solution File, Format Version 12.00
# Visual Studio 15
VisualStudioVersion = 15.0.28307.271
MinimumVisualStudioVersion = 10.0.40219.1
Project("{FAE04EC0-301F-11D3-BF4B-00C04F79EFBC}") = "SFTP_download", "SFTP_download\SFTP_download.csproj", "{57664B71-7E2D-4812-B75F-C8199E068533}"
EndProject
Global
	GlobalSection(SolutionConfigurationPlatforms) = preSolution
		Debug|Any CPU = Debug|Any CPU
		Release|Any CPU = Release|Any CPU
	EndGlobalSection
	GlobalSection(ProjectConfigurationPlatforms) = postSolution
		{57664B71-7E2D-4812-B75F-C8199E068533}.Debug|Any CPU.ActiveCfg = Debug|Any CPU
		{57664B71-7E2D-4812-B75F-C8199E068533}.Debug|Any CPU.Build.0 = Debug|Any CPU
		{57664B71-7E2D-4812-B75F-C8199E068533}.Release|Any CPU.ActiveCfg = Release|Any CPU
		{57664B71-7E2D-4812-B75F-C8199E068533}.Release|Any CPU.Build.0 = Release|Any CPU
	EndGlobalSection
	GlobalSection(SolutionProperties) = preSolution
		HideSolutionNode = FALSE
	EndGlobalSection
	GlobalSection(ExtensibilityGlobals) = postSolution
		SolutionGuid = {548DF27A-BE4C-4627-B8AD-E3655702979B}
	EndGlobalSection
EndGlobal
